{
  "name": "summarizer",
  "lockfileVersion": 3,
  "requires": true,
  "packages": {
    "": {
      "dependencies": {
        "@mozilla/readability": "^0.4.3"
      }
    },
    "node_modules/@mozilla/readability": {
      "version": "0.4.3",
      "resolved": "https://registry.npmjs.org/@mozilla/readability/-/readability-0.4.3.tgz",
      "integrity": "sha512-TQc/hBySDWT6GTtk5G3HU4TrnulRxmyZUWSBxXX+loYSoz028SUdRV+isy3axBkvm+vUot61Z9CPAqGrfpXp9Q==",
      "engines": {
        "node": ">=14.0.0"
      }
    }
  }
}
